
Microsoft Visual Studio Solution File, Format Version 12.00
# Visual Studio Version 17
VisualStudioVersion = 17.0.31903.59
MinimumVisualStudioVersion = 10.0.40219.1
Project("{2150E333-8FDC-42A3-9474-1A3956D46DE8}") = "src", "src", "{827E0CD3-B72D-47B6-A68D-7590B98EB39B}"
EndProject
Project("{FAE04EC0-301F-11D3-BF4B-00C04F79EFBC}") = "App.Core", "src\App.Core\App.Core.csproj", "{A0AE7DBD-31DB-4C05-AB24-4A6C8A6AD45D}"
EndProject
Project("{FAE04EC0-301F-11D3-BF4B-00C04F79EFBC}") = "App.Infrastructure", "src\App.Infrastructure\App.Infrastructure.csproj", "{D50E693C-86EC-4046-90D2-AE7F72F0FC0C}"
EndProject
Project("{FAE04EC0-301F-11D3-BF4B-00C04F79EFBC}") = "App.UI", "src\App.UI\App.UI.csproj", "{6B2F0F0E-5E73-4E4E-9F15-5BC7EE79EBA6}"
EndProject
Project("{FAE04EC0-301F-11D3-BF4B-00C04F79EFBC}") = "App.Host", "src\App.Host\App.Host.csproj", "{9C88E3DB-7EDA-4431-A3AE-0655A249B66E}"
EndProject
Project("{2150E333-8FDC-42A3-9474-1A3956D46DE8}") = "tests", "tests", "{0AB3BF05-4346-4AA6-1389-037BE0695223}"
EndProject
Project("{FAE04EC0-301F-11D3-BF4B-00C04F79EFBC}") = "App.Core.Tests", "tests\App.Core.Tests\App.Core.Tests.csproj", "{EB6822E3-083E-4815-BC10-123B4548AD2E}"
EndProject
Global
	GlobalSection(SolutionConfigurationPlatforms) = preSolution
		Debug|Any CPU = Debug|Any CPU
		Debug|x64 = Debug|x64
		Debug|x86 = Debug|x86
		Release|Any CPU = Release|Any CPU
		Release|x64 = Release|x64
		Release|x86 = Release|x86
	EndGlobalSection
	GlobalSection(ProjectConfigurationPlatforms) = postSolution
		{A0AE7DBD-31DB-4C05-AB24-4A6C8A6AD45D}.Debug|Any CPU.ActiveCfg = Debug|Any CPU
		{A0AE7DBD-31DB-4C05-AB24-4A6C8A6AD45D}.Debug|Any CPU.Build.0 = Debug|Any CPU
		{A0AE7DBD-31DB-4C05-AB24-4A6C8A6AD45D}.Debug|x64.ActiveCfg = Debug|Any CPU
		{A0AE7DBD-31DB-4C05-AB24-4A6C8A6AD45D}.Debug|x64.Build.0 = Debug|Any CPU
		{A0AE7DBD-31DB-4C05-AB24-4A6C8A6AD45D}.Debug|x86.ActiveCfg = Debug|Any CPU
		{A0AE7DBD-31DB-4C05-AB24-4A6C8A6AD45D}.Debug|x86.Build.0 = Debug|Any CPU
		{A0AE7DBD-31DB-4C05-AB24-4A6C8A6AD45D}.Release|Any CPU.ActiveCfg = Release|Any CPU
		{A0AE7DBD-31DB-4C05-AB24-4A6C8A6AD45D}.Release|Any CPU.Build.0 = Release|Any CPU
		{A0AE7DBD-31DB-4C05-AB24-4A6C8A6AD45D}.Release|x64.ActiveCfg = Release|Any CPU
		{A0AE7DBD-31DB-4C05-AB24-4A6C8A6AD45D}.Release|x64.Build.0 = Release|Any CPU
		{A0AE7DBD-31DB-4C05-AB24-4A6C8A6AD45D}.Release|x86.ActiveCfg = Release|Any CPU
		{A0AE7DBD-31DB-4C05-AB24-4A6C8A6AD45D}.Release|x86.Build.0 = Release|Any CPU
		{D50E693C-86EC-4046-90D2-AE7F72F0FC0C}.Debug|Any CPU.ActiveCfg = Debug|Any CPU
		{D50E693C-86EC-4046-90D2-AE7F72F0FC0C}.Debug|Any CPU.Build.0 = Debug|Any CPU
		{D50E693C-86EC-4046-90D2-AE7F72F0FC0C}.Debug|x64.ActiveCfg = Debug|Any CPU
		{D50E693C-86EC-4046-90D2-AE7F72F0FC0C}.Debug|x64.Build.0 = Debug|Any CPU
		{D50E693C-86EC-4046-90D2-AE7F72F0FC0C}.Debug|x86.ActiveCfg = Debug|Any CPU
		{D50E693C-86EC-4046-90D2-AE7F72F0FC0C}.Debug|x86.Build.0 = Debug|Any CPU
		{D50E693C-86EC-4046-90D2-AE7F72F0FC0C}.Release|Any CPU.ActiveCfg = Release|Any CPU
		{D50E693C-86EC-4046-90D2-AE7F72F0FC0C}.Release|Any CPU.Build.0 = Release|Any CPU
		{D50E693C-86EC-4046-90D2-AE7F72F0FC0C}.Release|x64.ActiveCfg = Release|Any CPU
		{D50E693C-86EC-4046-90D2-AE7F72F0FC0C}.Release|x64.Build.0 = Release|Any CPU
		{D50E693C-86EC-4046-90D2-AE7F72F0FC0C}.Release|x86.ActiveCfg = Release|Any CPU
		{D50E693C-86EC-4046-90D2-AE7F72F0FC0C}.Release|x86.Build.0 = Release|Any CPU
		{6B2F0F0E-5E73-4E4E-9F15-5BC7EE79EBA6}.Debug|Any CPU.ActiveCfg = Debug|Any CPU
		{6B2F0F0E-5E73-4E4E-9F15-5BC7EE79EBA6}.Debug|Any CPU.Build.0 = Debug|Any CPU
		{6B2F0F0E-5E73-4E4E-9F15-5BC7EE79EBA6}.Debug|x64.ActiveCfg = Debug|Any CPU
		{6B2F0F0E-5E73-4E4E-9F15-5BC7EE79EBA6}.Debug|x64.Build.0 = Debug|Any CPU
		{6B2F0F0E-5E73-4E4E-9F15-5BC7EE79EBA6}.Debug|x86.ActiveCfg = Debug|Any CPU
		{6B2F0F0E-5E73-4E4E-9F15-5BC7EE79EBA6}.Debug|x86.Build.0 = Debug|Any CPU
		{6B2F0F0E-5E73-4E4E-9F15-5BC7EE79EBA6}.Release|Any CPU.ActiveCfg = Release|Any CPU
		{6B2F0F0E-5E73-4E4E-9F15-5BC7EE79EBA6}.Release|Any CPU.Build.0 = Release|Any CPU
		{6B2F0F0E-5E73-4E4E-9F15-5BC7EE79EBA6}.Release|x64.ActiveCfg = Release|Any CPU
		{6B2F0F0E-5E73-4E4E-9F15-5BC7EE79EBA6}.Release|x64.Build.0 = Release|Any CPU
		{6B2F0F0E-5E73-4E4E-9F15-5BC7EE79EBA6}.Release|x86.ActiveCfg = Release|Any CPU
		{6B2F0F0E-5E73-4E4E-9F15-5BC7EE79EBA6}.Release|x86.Build.0 = Release|Any CPU
		{9C88E3DB-7EDA-4431-A3AE-0655A249B66E}.Debug|Any CPU.ActiveCfg = Debug|Any CPU
		{9C88E3DB-7EDA-4431-A3AE-0655A249B66E}.Debug|Any CPU.Build.0 = Debug|Any CPU
		{9C88E3DB-7EDA-4431-A3AE-0655A249B66E}.Debug|x64.ActiveCfg = Debug|Any CPU
		{9C88E3DB-7EDA-4431-A3AE-0655A249B66E}.Debug|x64.Build.0 = Debug|Any CPU
		{9C88E3DB-7EDA-4431-A3AE-0655A249B66E}.Debug|x86.ActiveCfg = Debug|Any CPU
		{9C88E3DB-7EDA-4431-A3AE-0655A249B66E}.Debug|x86.Build.0 = Debug|Any CPU
		{9C88E3DB-7EDA-4431-A3AE-0655A249B66E}.Release|Any CPU.ActiveCfg = Release|Any CPU
		{9C88E3DB-7EDA-4431-A3AE-0655A249B66E}.Release|Any CPU.Build.0 = Release|Any CPU
		{9C88E3DB-7EDA-4431-A3AE-0655A249B66E}.Release|x64.ActiveCfg = Release|Any CPU
		{9C88E3DB-7EDA-4431-A3AE-0655A249B66E}.Release|x64.Build.0 = Release|Any CPU
		{9C88E3DB-7EDA-4431-A3AE-0655A249B66E}.Release|x86.ActiveCfg = Release|Any CPU
		{9C88E3DB-7EDA-4431-A3AE-0655A249B66E}.Release|x86.Build.0 = Release|Any CPU
		{EB6822E3-083E-4815-BC10-123B4548AD2E}.Debug|Any CPU.ActiveCfg = Debug|Any CPU
		{EB6822E3-083E-4815-BC10-123B4548AD2E}.Debug|Any CPU.Build.0 = Debug|Any CPU
		{EB6822E3-083E-4815-BC10-123B4548AD2E}.Debug|x64.ActiveCfg = Debug|Any CPU
		{EB6822E3-083E-4815-BC10-123B4548AD2E}.Debug|x64.Build.0 = Debug|Any CPU
		{EB6822E3-083E-4815-BC10-123B4548AD2E}.Debug|x86.ActiveCfg = Debug|Any CPU
		{EB6822E3-083E-4815-BC10-123B4548AD2E}.Debug|x86.Build.0 = Debug|Any CPU
		{EB6822E3-083E-4815-BC10-123B4548AD2E}.Release|Any CPU.ActiveCfg = Release|Any CPU
		{EB6822E3-083E-4815-BC10-123B4548AD2E}.Release|Any CPU.Build.0 = Release|Any CPU
		{EB6822E3-083E-4815-BC10-123B4548AD2E}.Release|x64.ActiveCfg = Release|Any CPU
		{EB6822E3-083E-4815-BC10-123B4548AD2E}.Release|x64.Build.0 = Release|Any CPU
		{EB6822E3-083E-4815-BC10-123B4548AD2E}.Release|x86.ActiveCfg = Release|Any CPU
		{EB6822E3-083E-4815-BC10-123B4548AD2E}.Release|x86.Build.0 = Release|Any CPU
	EndGlobalSection
	GlobalSection(SolutionProperties) = preSolution
		HideSolutionNode = FALSE
	EndGlobalSection
	GlobalSection(NestedProjects) = preSolution
		{A0AE7DBD-31DB-4C05-AB24-4A6C8A6AD45D} = {827E0CD3-B72D-47B6-A68D-7590B98EB39B}
		{D50E693C-86EC-4046-90D2-AE7F72F0FC0C} = {827E0CD3-B72D-47B6-A68D-7590B98EB39B}
		{6B2F0F0E-5E73-4E4E-9F15-5BC7EE79EBA6} = {827E0CD3-B72D-47B6-A68D-7590B98EB39B}
		{9C88E3DB-7EDA-4431-A3AE-0655A249B66E} = {827E0CD3-B72D-47B6-A68D-7590B98EB39B}
		{EB6822E3-083E-4815-BC10-123B4548AD2E} = {0AB3BF05-4346-4AA6-1389-037BE0695223}
	EndGlobalSection
EndGlobal
